{
	"name": "write-nostr",
	"version": "0.3.0",
	"lockfileVersion": 3,
	"requires": true,
	"packages": {
		"": {
			"name": "write-nostr",
			"version": "0.3.0",
			"license": "MIT",
			"dependencies": {
				"@0xx0lostcause0xx0/disgus": "github:imattau/disgus",
				"@0xx0lostcause0xx0/polypack": "^2.3.0",
				"@noble/hashes": "^1.8.0",
				"@scure/base": "^1.2.5",
				"@sveltejs/adapter-static": "^3.0.10",
				"@tauri-apps/api": "^2.11.1",
				"marked": "^18.0.5",
				"nostr-passkey": "^0.3.0",
				"nostr-tools": "^2.23.9"
			},
			"bin": {
				"write-nostr": "scripts/serve.mjs"
			},
			"devDependencies": {
				"@sveltejs/adapter-auto": "^7.0.1",
				"@sveltejs/kit": "^2.63.0",
				"@sveltejs/vite-plugin-svelte": "^7.1.2",
				"@tauri-apps/cli": "^2.11.4",
				"svelte": "^5.56.1",
				"svelte-check": "^4.6.0",
				"typescript": "^6.0.3",
				"vite": "^8.0.16",
				"vitest": "^4.1.9"
			},
			"engines": {
				"node": ">=18"
			}
		},
		"node_modules/@0xx0lostcause0xx0/disgus": {
			"version": "0.1.0",
			"resolved": "git+ssh://git@github.com/imattau/disgus.git#96fafeaf26bfce0bec4873d60975cc14cf0bf4f5",
			"license": "GPL-2.0-or-later",
			"dependencies": {
				"@headlessui/react": "^1.7.7",
				"@heroicons/react": "^2.0.13",
				"nostr-passkey": "^0.3.0",
				"nostr-tools": "^2.23.8",
				"react": "^18.2.0",
				"react-dom": "^18.2.0"
			}
		},
		"node_modules/@0xx0lostcause0xx0/polypack": {
			"version": "2.3.0",
			"resolved": "https://registry.npmjs.org/@0xx0lostcause0xx0/polypack/-/polypack-2.3.0.tgz",
			"integrity": "sha512-mZ84ferVqDWmnPHq4pptgQZIZjmYpMccLaooarnvTrSPcHs95DYSxMVb4yMp1L5VJyyFRUSslsEcwBaKG/55Uw==",
			"license": "MIT",
			"dependencies": {
				"@msgpack/msgpack": "^3.1.3",
				"rxjs": "^7.8.2"
			},
			"engines": {
				"node": ">=18"
			},
			"peerDependencies": {
				"react": "^18.0.0 || ^19.0.0"
			},
			"peerDependenciesMeta": {
				"react": {
					"optional": true
				}
			}
		},
		"node_modules/@headlessui/react": {
			"version": "1.7.19",
			"resolved": "https://registry.npmjs.org/@headlessui/react/-/react-1.7.19.tgz",
			"integrity": "sha512-Ll+8q3OlMJfJbAKM/+/Y2q6PPYbryqNTXDbryx7SXLIDamkF6iQFbriYHga0dY44PvDhvvBWCx1Xj4U5+G4hOw==",
			"license": "MIT",
			"dependencies": {
				"@tanstack/react-virtual": "^3.0.0-beta.60",
				"client-only": "^0.0.1"
			},
			"engines": {
				"node": ">=10"
			},
			"peerDependencies": {
				"react": "^16 || ^17 || ^18",
				"react-dom": "^16 || ^17 || ^18"
			}
		},
		"node_modules/@heroicons/react": {
			"version": "2.2.0",
			"resolved": "https://registry.npmjs.org/@heroicons/react/-/react-2.2.0.tgz",
			"integrity": "sha512-LMcepvRaS9LYHJGsF0zzmgKCUim/X3N/DQKc4jepAXJ7l8QxJ1PmxJzqplF2Z3FE4PqBAIGyJAQ/w4B5dsqbtQ==",
			"license": "MIT",
			"peerDependencies": {
				"react": ">= 16 || ^19.0.0-rc"
			}
		},
		"node_modules/@jridgewell/gen-mapping": {
			"version": "0.3.13",
			"license": "MIT",
			"dependencies": {
				"@jridgewell/sourcemap-codec": "^1.5.0",
				"@jridgewell/trace-mapping": "^0.3.24"
			}
		},
		"node_modules/@jridgewell/remapping": {
			"version": "2.3.5",
			"license": "MIT",
			"dependencies": {
				"@jridgewell/gen-mapping": "^0.3.5",
				"@jridgewell/trace-mapping": "^0.3.24"
			}
		},
		"node_modules/@jridgewell/resolve-uri": {
			"version": "3.1.2",
			"license": "MIT",
			"engines": {
				"node": ">=6.0.0"
			}
		},
		"node_modules/@jridgewell/sourcemap-codec": {
			"version": "1.5.5",
			"license": "MIT"
		},
		"node_modules/@jridgewell/trace-mapping": {
			"version": "0.3.31",
			"license": "MIT",
			"dependencies": {
				"@jridgewell/resolve-uri": "^3.1.0",
				"@jridgewell/sourcemap-codec": "^1.4.14"
			}
		},
		"node_modules/@msgpack/msgpack": {
			"version": "3.1.3",
			"resolved": "https://registry.npmjs.org/@msgpack/msgpack/-/msgpack-3.1.3.tgz",
			"integrity": "sha512-47XIizs9XZXvuJgoaJUIE2lFoID8ugvc0jzSHP+Ptfk8nTbnR8g788wv48N03Kx0UkAv559HWRQ3yzOgzlRNUA==",
			"license": "ISC",
			"engines": {
				"node": ">= 18"
			}
		},
		"node_modules/@noble/ciphers": {
			"version": "2.1.1",
			"license": "MIT",
			"engines": {
				"node": ">= 20.19.0"
			},
			"funding": {
				"url": "https://paulmillr.com/funding/"
			}
		},
		"node_modules/@noble/curves": {
			"version": "2.0.1",
			"license": "MIT",
			"dependencies": {
				"@noble/hashes": "2.0.1"
			},
			"engines": {
				"node": ">= 20.19.0"
			},
			"funding": {
				"url": "https://paulmillr.com/funding/"
			}
		},
		"node_modules/@noble/curves/node_modules/@noble/hashes": {
			"version": "2.0.1",
			"license": "MIT",
			"engines": {
				"node": ">= 20.19.0"
			},
			"funding": {
				"url": "https://paulmillr.com/funding/"
			}
		},
		"node_modules/@noble/hashes": {
			"version": "1.8.0",
			"license": "MIT",
			"engines": {
				"node": "^14.21.3 || >=16"
			},
			"funding": {
				"url": "https://paulmillr.com/funding/"
			}
		},
		"node_modules/@oxc-project/types": {
			"version": "0.138.0",
			"license": "MIT",
			"funding": {
				"url": "https://github.com/sponsors/Boshen"
			}
		},
		"node_modules/@polka/url": {
			"version": "1.0.0-next.29",
			"license": "MIT"
		},
		"node_modules/@rolldown/binding-linux-x64-gnu": {
			"version": "1.1.4",
			"cpu": [
				"x64"
			],
			"license": "MIT",
			"optional": true,
			"os": [
				"linux"
			],
			"engines": {
				"node": "^20.19.0 || >=22.12.0"
			}
		},
		"node_modules/@rolldown/binding-linux-x64-musl": {
			"version": "1.1.4",
			"cpu": [
				"x64"
			],
			"license": "MIT",
			"optional": true,
			"os": [
				"linux"
			],
			"engines": {
				"node": "^20.19.0 || >=22.12.0"
			}
		},
		"node_modules/@rolldown/pluginutils": {
			"version": "1.0.1",
			"license": "MIT"
		},
		"node_modules/@scure/base": {
			"version": "1.2.6",
			"license": "MIT",
			"funding": {
				"url": "https://paulmillr.com/funding/"
			}
		},
		"node_modules/@scure/bip32": {
			"version": "2.0.1",
			"license": "MIT",
			"dependencies": {
				"@noble/curves": "2.0.1",
				"@noble/hashes": "2.0.1",
				"@scure/base": "2.0.0"
			},
			"funding": {
				"url": "https://paulmillr.com/funding/"
			}
		},
		"node_modules/@scure/bip32/node_modules/@noble/hashes": {
			"version": "2.0.1",
			"license": "MIT",
			"engines": {
				"node": ">= 20.19.0"
			},
			"funding": {
				"url": "https://paulmillr.com/funding/"
			}
		},
		"node_modules/@scure/bip32/node_modules/@scure/base": {
			"version": "2.0.0",
			"license": "MIT",
			"funding": {
				"url": "https://paulmillr.com/funding/"
			}
		},
		"node_modules/@scure/bip39": {
			"version": "2.0.1",
			"license": "MIT",
			"dependencies": {
				"@noble/hashes": "2.0.1",
				"@scure/base": "2.0.0"
			},
			"funding": {
				"url": "https://paulmillr.com/funding/"
			}
		},
		"node_modules/@scure/bip39/node_modules/@noble/hashes": {
			"version": "2.0.1",
			"license": "MIT",
			"engines": {
				"node": ">= 20.19.0"
			},
			"funding": {
				"url": "https://paulmillr.com/funding/"
			}
		},
		"node_modules/@scure/bip39/node_modules/@scure/base": {
			"version": "2.0.0",
			"license": "MIT",
			"funding": {
				"url": "https://paulmillr.com/funding/"
			}
		},
		"node_modules/@standard-schema/spec": {
			"version": "1.1.0",
			"license": "MIT"
		},
		"node_modules/@sveltejs/acorn-typescript": {
			"version": "1.0.10",
			"license": "MIT",
			"peerDependencies": {
				"acorn": "^8.9.0"
			}
		},
		"node_modules/@sveltejs/adapter-auto": {
			"version": "7.0.1",
			"dev": true,
			"license": "MIT",
			"peerDependencies": {
				"@sveltejs/kit": "^2.0.0"
			}
		},
		"node_modules/@sveltejs/adapter-static": {
			"version": "3.0.10",
			"license": "MIT",
			"peerDependencies": {
				"@sveltejs/kit": "^2.0.0"
			}
		},
		"node_modules/@sveltejs/kit": {
			"version": "2.69.0",
			"license": "MIT",
			"dependencies": {
				"@standard-schema/spec": "^1.0.0",
				"@sveltejs/acorn-typescript": "^1.0.9",
				"@types/cookie": "^0.6.0",
				"acorn": "^8.16.0",
				"cookie": "^0.6.0",
				"devalue": "^5.8.1",
				"esm-env": "^1.2.2",
				"kleur": "^4.1.5",
				"magic-string": "^0.30.5",
				"mrmime": "^2.0.0",
				"set-cookie-parser": "^3.0.0",
				"sirv": "^3.0.0"
			},
			"bin": {
				"svelte-kit": "svelte-kit.js"
			},
			"engines": {
				"node": ">=18.13"
			},
			"peerDependencies": {
				"@opentelemetry/api": "^1.0.0",
				"@sveltejs/vite-plugin-svelte": "^3.0.0 || ^4.0.0-next.1 || ^5.0.0 || ^6.0.0-next.0 || ^7.0.0",
				"svelte": "^4.0.0 || ^5.0.0-next.0",
				"typescript": "^5.3.3 || ^6.0.0",
				"vite": "^5.0.3 || ^6.0.0 || ^7.0.0-beta.0 || ^8.0.0"
			},
			"peerDependenciesMeta": {
				"@opentelemetry/api": {
					"optional": true
				},
				"typescript": {
					"optional": true
				}
			}
		},
		"node_modules/@sveltejs/load-config": {
			"version": "0.2.0",
			"dev": true,
			"license": "MIT",
			"engines": {
				"node": ">= 18.0.0"
			}
		},
		"node_modules/@sveltejs/vite-plugin-svelte": {
			"version": "7.1.2",
			"license": "MIT",
			"dependencies": {
				"deepmerge": "^4.3.1",
				"magic-string": "^0.30.21",
				"obug": "^2.1.0",
				"vitefu": "^1.1.2"
			},
			"engines": {
				"node": "^20.19 || ^22.12 || >=24"
			},
			"peerDependencies": {
				"svelte": "^5.46.4",
				"vite": "^8.0.0-beta.7 || ^8.0.0"
			}
		},
		"node_modules/@tanstack/react-virtual": {
			"version": "3.14.7",
			"resolved": "https://registry.npmjs.org/@tanstack/react-virtual/-/react-virtual-3.14.7.tgz",
			"integrity": "sha512-11uSrj77IDijNBqizD4lY4y1laMyRrqMLSxjnWy5CvWkCjyRDW+gGmxYq0lwQKVas/sq7zyzYWXbL/BvBzR32g==",
			"license": "MIT",
			"dependencies": {
				"@tanstack/virtual-core": "3.17.5"
			},
			"funding": {
				"type": "github",
				"url": "https://github.com/sponsors/tannerlinsley"
			},
			"peerDependencies": {
				"react": "^16.8.0 || ^17.0.0 || ^18.0.0 || ^19.0.0",
				"react-dom": "^16.8.0 || ^17.0.0 || ^18.0.0 || ^19.0.0"
			}
		},
		"node_modules/@tanstack/virtual-core": {
			"version": "3.17.5",
			"resolved": "https://registry.npmjs.org/@tanstack/virtual-core/-/virtual-core-3.17.5.tgz",
			"integrity": "sha512-AXfBC3sq6PuYSwyxYORqqgHCNjPGAvKJvZuBBJ1klhztWBB5cgqgwsq8+fNfaQJG7/K4xYBja9S90QFn2zmQAg==",
			"license": "MIT",
			"funding": {
				"type": "github",
				"url": "https://github.com/sponsors/tannerlinsley"
			}
		},
		"node_modules/@tauri-apps/api": {
			"version": "2.11.1",
			"license": "Apache-2.0 OR MIT",
			"funding": {
				"type": "opencollective",
				"url": "https://opencollective.com/tauri"
			}
		},
		"node_modules/@tauri-apps/cli": {
			"version": "2.11.4",
			"dev": true,
			"license": "Apache-2.0 OR MIT",
			"bin": {
				"tauri": "tauri.js"
			},
			"engines": {
				"node": ">= 10"
			},
			"funding": {
				"type": "opencollective",
				"url": "https://opencollective.com/tauri"
			},
			"optionalDependencies": {
				"@tauri-apps/cli-darwin-arm64": "2.11.4",
				"@tauri-apps/cli-darwin-x64": "2.11.4",
				"@tauri-apps/cli-linux-arm-gnueabihf": "2.11.4",
				"@tauri-apps/cli-linux-arm64-gnu": "2.11.4",
				"@tauri-apps/cli-linux-arm64-musl": "2.11.4",
				"@tauri-apps/cli-linux-riscv64-gnu": "2.11.4",
				"@tauri-apps/cli-linux-x64-gnu": "2.11.4",
				"@tauri-apps/cli-linux-x64-musl": "2.11.4",
				"@tauri-apps/cli-win32-arm64-msvc": "2.11.4",
				"@tauri-apps/cli-win32-ia32-msvc": "2.11.4",
				"@tauri-apps/cli-win32-x64-msvc": "2.11.4"
			}
		},
		"node_modules/@tauri-apps/cli-linux-x64-gnu": {
			"version": "2.11.4",
			"cpu": [
				"x64"
			],
			"dev": true,
			"license": "Apache-2.0 OR MIT",
			"optional": true,
			"os": [
				"linux"
			],
			"engines": {
				"node": ">= 10"
			}
		},
		"node_modules/@tauri-apps/cli-linux-x64-musl": {
			"version": "2.11.4",
			"cpu": [
				"x64"
			],
			"dev": true,
			"license": "Apache-2.0 OR MIT",
			"optional": true,
			"os": [
				"linux"
			],
			"engines": {
				"node": ">= 10"
			}
		},
		"node_modules/@types/chai": {
			"version": "5.2.3",
			"dev": true,
			"license": "MIT",
			"dependencies": {
				"@types/deep-eql": "*",
				"assertion-error": "^2.0.1"
			}
		},
		"node_modules/@types/cookie": {
			"version": "0.6.0",
			"license": "MIT"
		},
		"node_modules/@types/deep-eql": {
			"version": "4.0.2",
			"dev": true,
			"license": "MIT"
		},
		"node_modules/@types/estree": {
			"version": "1.0.9",
			"license": "MIT"
		},
		"node_modules/@types/node": {
			"version": "26.1.1",
			"license": "MIT",
			"optional": true,
			"peer": true,
			"dependencies": {
				"undici-types": "~8.3.0"
			}
		},
		"node_modules/@types/trusted-types": {
			"version": "2.0.7",
			"license": "MIT"
		},
		"node_modules/@vitest/expect": {
			"version": "4.1.9",
			"dev": true,
			"license": "MIT",
			"dependencies": {
				"@standard-schema/spec": "^1.1.0",
				"@types/chai": "^5.2.2",
				"@vitest/spy": "4.1.9",
				"@vitest/utils": "4.1.9",
				"chai": "^6.2.2",
				"tinyrainbow": "^3.1.0"
			},
			"funding": {
				"url": "https://opencollective.com/vitest"
			}
		},
		"node_modules/@vitest/mocker": {
			"version": "4.1.9",
			"dev": true,
			"license": "MIT",
			"dependencies": {
				"@vitest/spy": "4.1.9",
				"estree-walker": "^3.0.3",
				"magic-string": "^0.30.21"
			},
			"funding": {
				"url": "https://opencollective.com/vitest"
			},
			"peerDependencies": {
				"msw": "^2.4.9",
				"vite": "^6.0.0 || ^7.0.0 || ^8.0.0"
			},
			"peerDependenciesMeta": {
				"msw": {
					"optional": true
				},
				"vite": {
					"optional": true
				}
			}
		},
		"node_modules/@vitest/pretty-format": {
			"version": "4.1.9",
			"dev": true,
			"license": "MIT",
			"dependencies": {
				"tinyrainbow": "^3.1.0"
			},
			"funding": {
				"url": "https://opencollective.com/vitest"
			}
		},
		"node_modules/@vitest/runner": {
			"version": "4.1.9",
			"dev": true,
			"license": "MIT",
			"dependencies": {
				"@vitest/utils": "4.1.9",
				"pathe": "^2.0.3"
			},
			"funding": {
				"url": "https://opencollective.com/vitest"
			}
		},
		"node_modules/@vitest/snapshot": {
			"version": "4.1.9",
			"dev": true,
			"license": "MIT",
			"dependencies": {
				"@vitest/pretty-format": "4.1.9",
				"@vitest/utils": "4.1.9",
				"magic-string": "^0.30.21",
				"pathe": "^2.0.3"
			},
			"funding": {
				"url": "https://opencollective.com/vitest"
			}
		},
		"node_modules/@vitest/spy": {
			"version": "4.1.9",
			"dev": true,
			"license": "MIT",
			"funding": {
				"url": "https://opencollective.com/vitest"
			}
		},
		"node_modules/@vitest/utils": {
			"version": "4.1.9",
			"dev": true,
			"license": "MIT",
			"dependencies": {
				"@vitest/pretty-format": "4.1.9",
				"convert-source-map": "^2.0.0",
				"tinyrainbow": "^3.1.0"
			},
			"funding": {
				"url": "https://opencollective.com/vitest"
			}
		},
		"node_modules/acorn": {
			"version": "8.17.0",
			"license": "MIT",
			"bin": {
				"acorn": "bin/acorn"
			},
			"engines": {
				"node": ">=0.4.0"
			}
		},
		"node_modules/aria-query": {
			"version": "5.3.1",
			"license": "Apache-2.0",
			"engines": {
				"node": ">= 0.4"
			}
		},
		"node_modules/assertion-error": {
			"version": "2.0.1",
			"dev": true,
			"license": "MIT",
			"engines": {
				"node": ">=12"
			}
		},
		"node_modules/axobject-query": {
			"version": "4.1.0",
			"license": "Apache-2.0",
			"engines": {
				"node": ">= 0.4"
			}
		},
		"node_modules/chai": {
			"version": "6.2.2",
			"dev": true,
			"license": "MIT",
			"engines": {
				"node": ">=18"
			}
		},
		"node_modules/chokidar": {
			"version": "4.0.3",
			"dev": true,
			"license": "MIT",
			"dependencies": {
				"readdirp": "^4.0.1"
			},
			"engines": {
				"node": ">= 14.16.0"
			},
			"funding": {
				"url": "https://paulmillr.com/funding/"
			}
		},
		"node_modules/client-only": {
			"version": "0.0.1",
			"resolved": "https://registry.npmjs.org/client-only/-/client-only-0.0.1.tgz",
			"integrity": "sha512-IV3Ou0jSMzZrd3pZ48nLkT9DA7Ag1pnPzaiQhpW7c3RbcqqzvzzVu+L8gfqMp/8IM2MQtSiqaCxrrcfu8I8rMA==",
			"license": "MIT"
		},
		"node_modules/clsx": {
			"version": "2.1.1",
			"license": "MIT",
			"engines": {
				"node": ">=6"
			}
		},
		"node_modules/convert-source-map": {
			"version": "2.0.0",
			"dev": true,
			"license": "MIT"
		},
		"node_modules/cookie": {
			"version": "0.6.0",
			"license": "MIT",
			"engines": {
				"node": ">= 0.6"
			}
		},
		"node_modules/deepmerge": {
			"version": "4.3.1",
			"license": "MIT",
			"engines": {
				"node": ">=0.10.0"
			}
		},
		"node_modules/detect-libc": {
			"version": "2.1.2",
			"license": "Apache-2.0",
			"engines": {
				"node": ">=8"
			}
		},
		"node_modules/devalue": {
			"version": "5.8.1",
			"license": "MIT"
		},
		"node_modules/es-module-lexer": {
			"version": "2.3.0",
			"dev": true,
			"license": "MIT"
		},
		"node_modules/esm-env": {
			"version": "1.2.2",
			"license": "MIT"
		},
		"node_modules/esrap": {
			"version": "2.2.13",
			"license": "MIT",
			"dependencies": {
				"@jridgewell/sourcemap-codec": "^1.4.15"
			},
			"peerDependencies": {
				"@typescript-eslint/types": "^8.2.0"
			},
			"peerDependenciesMeta": {
				"@typescript-eslint/types": {
					"optional": true
				}
			}
		},
		"node_modules/estree-walker": {
			"version": "3.0.3",
			"dev": true,
			"license": "MIT",
			"dependencies": {
				"@types/estree": "^1.0.0"
			}
		},
		"node_modules/expect-type": {
			"version": "1.4.0",
			"dev": true,
			"license": "Apache-2.0",
			"engines": {
				"node": ">=12.0.0"
			}
		},
		"node_modules/fdir": {
			"version": "6.5.0",
			"license": "MIT",
			"engines": {
				"node": ">=12.0.0"
			},
			"peerDependencies": {
				"picomatch": "^3 || ^4"
			},
			"peerDependenciesMeta": {
				"picomatch": {
					"optional": true
				}
			}
		},
		"node_modules/is-reference": {
			"version": "3.0.3",
			"license": "MIT",
			"dependencies": {
				"@types/estree": "^1.0.6"
			}
		},
		"node_modules/js-tokens": {
			"version": "4.0.0",
			"resolved": "https://registry.npmjs.org/js-tokens/-/js-tokens-4.0.0.tgz",
			"integrity": "sha512-RdJUflcE3cUzKiMqQgsCu06FPu9UdIJO0beYbPhHN4k6apgJtifcoCtT9bcxOpYBtpD2kCM6Sbzg4CausW/PKQ==",
			"license": "MIT"
		},
		"node_modules/kleur": {
			"version": "4.1.5",
			"license": "MIT",
			"engines": {
				"node": ">=6"
			}
		},
		"node_modules/lightningcss": {
			"version": "1.32.0",
			"license": "MPL-2.0",
			"dependencies": {
				"detect-libc": "^2.0.3"
			},
			"engines": {
				"node": ">= 12.0.0"
			},
			"funding": {
				"type": "opencollective",
				"url": "https://opencollective.com/parcel"
			},
			"optionalDependencies": {
				"lightningcss-android-arm64": "1.32.0",
				"lightningcss-darwin-arm64": "1.32.0",
				"lightningcss-darwin-x64": "1.32.0",
				"lightningcss-freebsd-x64": "1.32.0",
				"lightningcss-linux-arm-gnueabihf": "1.32.0",
				"lightningcss-linux-arm64-gnu": "1.32.0",
				"lightningcss-linux-arm64-musl": "1.32.0",
				"lightningcss-linux-x64-gnu": "1.32.0",
				"lightningcss-linux-x64-musl": "1.32.0",
				"lightningcss-win32-arm64-msvc": "1.32.0",
				"lightningcss-win32-x64-msvc": "1.32.0"
			}
		},
		"node_modules/lightningcss-linux-x64-gnu": {
			"version": "1.32.0",
			"cpu": [
				"x64"
			],
			"license": "MPL-2.0",
			"optional": true,
			"os": [
				"linux"
			],
			"engines": {
				"node": ">= 12.0.0"
			},
			"funding": {
				"type": "opencollective",
				"url": "https://opencollective.com/parcel"
			}
		},
		"node_modules/lightningcss-linux-x64-musl": {
			"version": "1.32.0",
			"cpu": [
				"x64"
			],
			"license": "MPL-2.0",
			"optional": true,
			"os": [
				"linux"
			],
			"engines": {
				"node": ">= 12.0.0"
			},
			"funding": {
				"type": "opencollective",
				"url": "https://opencollective.com/parcel"
			}
		},
		"node_modules/locate-character": {
			"version": "3.0.0",
			"license": "MIT"
		},
		"node_modules/loose-envify": {
			"version": "1.4.0",
			"resolved": "https://registry.npmjs.org/loose-envify/-/loose-envify-1.4.0.tgz",
			"integrity": "sha512-lyuxPGr/Wfhrlem2CL/UcnUc1zcqKAImBDzukY7Y5F/yQiNdko6+fRLevlw1HgMySw7f611UIY408EtxRSoK3Q==",
			"license": "MIT",
			"dependencies": {
				"js-tokens": "^3.0.0 || ^4.0.0"
			},
			"bin": {
				"loose-envify": "cli.js"
			}
		},
		"node_modules/magic-string": {
			"version": "0.30.21",
			"license": "MIT",
			"dependencies": {
				"@jridgewell/sourcemap-codec": "^1.5.5"
			}
		},
		"node_modules/marked": {
			"version": "18.0.5",
			"license": "MIT",
			"bin": {
				"marked": "bin/marked.js"
			},
			"engines": {
				"node": ">= 20"
			}
		},
		"node_modules/mri": {
			"version": "1.2.0",
			"dev": true,
			"license": "MIT",
			"engines": {
				"node": ">=4"
			}
		},
		"node_modules/mrmime": {
			"version": "2.0.1",
			"license": "MIT",
			"engines": {
				"node": ">=10"
			}
		},
		"node_modules/nanoid": {
			"version": "3.3.15",
			"funding": [
				{
					"type": "github",
					"url": "https://github.com/sponsors/ai"
				}
			],
			"license": "MIT",
			"bin": {
				"nanoid": "bin/nanoid.cjs"
			},
			"engines": {
				"node": "^10 || ^12 || ^13.7 || ^14 || >=15.0.1"
			}
		},
		"node_modules/nostr-passkey": {
			"version": "0.3.0",
			"license": "MIT",
			"peerDependencies": {
				"applesauce-accounts": "^6.2.0",
				"applesauce-signers": "^6.2.0",
				"nostr-tools": "^2.23.8"
			},
			"peerDependenciesMeta": {
				"applesauce-accounts": {
					"optional": true
				},
				"applesauce-signers": {
					"optional": true
				}
			}
		},
		"node_modules/nostr-tools": {
			"version": "2.23.9",
			"license": "Unlicense",
			"dependencies": {
				"@noble/ciphers": "2.1.1",
				"@noble/curves": "2.0.1",
				"@noble/hashes": "2.0.1",
				"@scure/base": "2.0.0",
				"@scure/bip32": "2.0.1",
				"@scure/bip39": "2.0.1",
				"nostr-wasm": "0.1.0"
			},
			"peerDependencies": {
				"typescript": ">=5.0.0"
			},
			"peerDependenciesMeta": {
				"typescript": {
					"optional": true
				}
			}
		},
		"node_modules/nostr-tools/node_modules/@noble/hashes": {
			"version": "2.0.1",
			"license": "MIT",
			"engines": {
				"node": ">= 20.19.0"
			},
			"funding": {
				"url": "https://paulmillr.com/funding/"
			}
		},
		"node_modules/nostr-tools/node_modules/@scure/base": {
			"version": "2.0.0",
			"license": "MIT",
			"funding": {
				"url": "https://paulmillr.com/funding/"
			}
		},
		"node_modules/nostr-wasm": {
			"version": "0.1.0",
			"license": "MIT"
		},
		"node_modules/obug": {
			"version": "2.1.3",
			"funding": [
				"https://github.com/sponsors/sxzz",
				"https://opencollective.com/debug"
			],
			"license": "MIT",
			"engines": {
				"node": ">=12.20.0"
			}
		},
		"node_modules/pathe": {
			"version": "2.0.3",
			"dev": true,
			"license": "MIT"
		},
		"node_modules/picocolors": {
			"version": "1.1.1",
			"license": "ISC"
		},
		"node_modules/picomatch": {
			"version": "4.0.4",
			"license": "MIT",
			"engines": {
				"node": ">=12"
			},
			"funding": {
				"url": "https://github.com/sponsors/jonschlinkert"
			}
		},
		"node_modules/postcss": {
			"version": "8.5.16",
			"funding": [
				{
					"type": "opencollective",
					"url": "https://opencollective.com/postcss/"
				},
				{
					"type": "tidelift",
					"url": "https://tidelift.com/funding/github/npm/postcss"
				},
				{
					"type": "github",
					"url": "https://github.com/sponsors/ai"
				}
			],
			"license": "MIT",
			"dependencies": {
				"nanoid": "^3.3.12",
				"picocolors": "^1.1.1",
				"source-map-js": "^1.2.1"
			},
			"engines": {
				"node": "^10 || ^12 || >=14"
			}
		},
		"node_modules/react": {
			"version": "18.3.1",
			"resolved": "https://registry.npmjs.org/react/-/react-18.3.1.tgz",
			"integrity": "sha512-wS+hAgJShR0KhEvPJArfuPVN1+Hz1t0Y6n5jLrGQbkb4urgPE/0Rve+1kMB1v/oWgHgm4WIcV+i7F2pTVj+2iQ==",
			"license": "MIT",
			"dependencies": {
				"loose-envify": "^1.1.0"
			},
			"engines": {
				"node": ">=0.10.0"
			}
		},
		"node_modules/react-dom": {
			"version": "18.3.1",
			"resolved": "https://registry.npmjs.org/react-dom/-/react-dom-18.3.1.tgz",
			"integrity": "sha512-5m4nQKp+rZRb09LNH59GM4BxTh9251/ylbKIbpe7TpGxfJ+9kv6BLkLBXIjjspbgbnIBNqlI23tRnTWT0snUIw==",
			"license": "MIT",
			"dependencies": {
				"loose-envify": "^1.1.0",
				"scheduler": "^0.23.2"
			},
			"peerDependencies": {
				"react": "^18.3.1"
			}
		},
		"node_modules/readdirp": {
			"version": "4.1.2",
			"dev": true,
			"license": "MIT",
			"engines": {
				"node": ">= 14.18.0"
			},
			"funding": {
				"type": "individual",
				"url": "https://paulmillr.com/funding/"
			}
		},
		"node_modules/rolldown": {
			"version": "1.1.4",
			"license": "MIT",
			"dependencies": {
				"@oxc-project/types": "=0.138.0",
				"@rolldown/pluginutils": "^1.0.0"
			},
			"bin": {
				"rolldown": "bin/cli.mjs"
			},
			"engines": {
				"node": "^20.19.0 || >=22.12.0"
			},
			"optionalDependencies": {
				"@rolldown/binding-android-arm64": "1.1.4",
				"@rolldown/binding-darwin-arm64": "1.1.4",
				"@rolldown/binding-darwin-x64": "1.1.4",
				"@rolldown/binding-freebsd-x64": "1.1.4",
				"@rolldown/binding-linux-arm-gnueabihf": "1.1.4",
				"@rolldown/binding-linux-arm64-gnu": "1.1.4",
				"@rolldown/binding-linux-arm64-musl": "1.1.4",
				"@rolldown/binding-linux-ppc64-gnu": "1.1.4",
				"@rolldown/binding-linux-s390x-gnu": "1.1.4",
				"@rolldown/binding-linux-x64-gnu": "1.1.4",
				"@rolldown/binding-linux-x64-musl": "1.1.4",
				"@rolldown/binding-openharmony-arm64": "1.1.4",
				"@rolldown/binding-wasm32-wasi": "1.1.4",
				"@rolldown/binding-win32-arm64-msvc": "1.1.4",
				"@rolldown/binding-win32-x64-msvc": "1.1.4"
			}
		},
		"node_modules/rxjs": {
			"version": "7.8.2",
			"resolved": "https://registry.npmjs.org/rxjs/-/rxjs-7.8.2.tgz",
			"integrity": "sha512-dhKf903U/PQZY6boNNtAGdWbG85WAbjT/1xYoZIC7FAY0yWapOBQVsVrDl58W86//e1VpMNBtRV4MaXfdMySFA==",
			"license": "Apache-2.0",
			"dependencies": {
				"tslib": "^2.1.0"
			}
		},
		"node_modules/sade": {
			"version": "1.8.1",
			"dev": true,
			"license": "MIT",
			"dependencies": {
				"mri": "^1.1.0"
			},
			"engines": {
				"node": ">=6"
			}
		},
		"node_modules/scheduler": {
			"version": "0.23.2",
			"resolved": "https://registry.npmjs.org/scheduler/-/scheduler-0.23.2.tgz",
			"integrity": "sha512-UOShsPwz7NrMUqhR6t0hWjFduvOzbtv7toDH1/hIrfRNIDBnnBWd0CwJTGvTpngVlmwGCdP9/Zl/tVrDqcuYzQ==",
			"license": "MIT",
			"dependencies": {
				"loose-envify": "^1.1.0"
			}
		},
		"node_modules/set-cookie-parser": {
			"version": "3.1.1",
			"license": "MIT"
		},
		"node_modules/siginfo": {
			"version": "2.0.0",
			"dev": true,
			"license": "ISC"
		},
		"node_modules/sirv": {
			"version": "3.0.2",
			"license": "MIT",
			"dependencies": {
				"@polka/url": "^1.0.0-next.24",
				"mrmime": "^2.0.0",
				"totalist": "^3.0.0"
			},
			"engines": {
				"node": ">=18"
			}
		},
		"node_modules/source-map-js": {
			"version": "1.2.1",
			"license": "BSD-3-Clause",
			"engines": {
				"node": ">=0.10.0"
			}
		},
		"node_modules/stackback": {
			"version": "0.0.2",
			"dev": true,
			"license": "MIT"
		},
		"node_modules/std-env": {
			"version": "4.1.0",
			"dev": true,
			"license": "MIT"
		},
		"node_modules/svelte": {
			"version": "5.56.4",
			"license": "MIT",
			"dependencies": {
				"@jridgewell/remapping": "^2.3.4",
				"@jridgewell/sourcemap-codec": "^1.5.0",
				"@sveltejs/acorn-typescript": "^1.0.10",
				"@types/estree": "^1.0.5",
				"@types/trusted-types": "^2.0.7",
				"acorn": "^8.12.1",
				"aria-query": "5.3.1",
				"axobject-query": "^4.1.0",
				"clsx": "^2.1.1",
				"devalue": "^5.8.1",
				"esm-env": "^1.2.1",
				"esrap": "^2.2.12",
				"is-reference": "^3.0.3",
				"locate-character": "^3.0.0",
				"magic-string": "^0.30.11",
				"zimmerframe": "^1.1.2"
			},
			"engines": {
				"node": ">=18"
			}
		},
		"node_modules/svelte-check": {
			"version": "4.7.1",
			"dev": true,
			"license": "MIT",
			"dependencies": {
				"@jridgewell/trace-mapping": "^0.3.25",
				"@sveltejs/load-config": "^0.2.0",
				"chokidar": "^4.0.1",
				"fdir": "^6.2.0",
				"picocolors": "^1.0.0",
				"sade": "^1.7.4"
			},
			"bin": {
				"svelte-check": "bin/svelte-check"
			},
			"engines": {
				"node": ">= 18.0.0"
			},
			"peerDependencies": {
				"svelte": "^4.0.0 || ^5.0.0-next.0",
				"typescript": ">=5.0.0"
			}
		},
		"node_modules/tinybench": {
			"version": "2.9.0",
			"dev": true,
			"license": "MIT"
		},
		"node_modules/tinyexec": {
			"version": "1.2.4",
			"dev": true,
			"license": "MIT",
			"engines": {
				"node": ">=18"
			}
		},
		"node_modules/tinyglobby": {
			"version": "0.2.17",
			"license": "MIT",
			"dependencies": {
				"fdir": "^6.5.0",
				"picomatch": "^4.0.4"
			},
			"engines": {
				"node": ">=12.0.0"
			},
			"funding": {
				"url": "https://github.com/sponsors/SuperchupuDev"
			}
		},
		"node_modules/tinyrainbow": {
			"version": "3.1.0",
			"dev": true,
			"license": "MIT",
			"engines": {
				"node": ">=14.0.0"
			}
		},
		"node_modules/totalist": {
			"version": "3.0.1",
			"license": "MIT",
			"engines": {
				"node": ">=6"
			}
		},
		"node_modules/tslib": {
			"version": "2.8.1",
			"resolved": "https://registry.npmjs.org/tslib/-/tslib-2.8.1.tgz",
			"integrity": "sha512-oJFu94HQb+KVduSUQL7wnpmqnfmLsOA/nAh6b6EH0wCEoK0/mPeXU6c3wKDV83MkOuHPRHtSXKKU99IBazS/2w==",
			"license": "0BSD"
		},
		"node_modules/typescript": {
			"version": "6.0.3",
			"devOptional": true,
			"license": "Apache-2.0",
			"bin": {
				"tsc": "bin/tsc",
				"tsserver": "bin/tsserver"
			},
			"engines": {
				"node": ">=14.17"
			}
		},
		"node_modules/undici-types": {
			"version": "8.3.0",
			"license": "MIT",
			"optional": true,
			"peer": true
		},
		"node_modules/vite": {
			"version": "8.1.3",
			"license": "MIT",
			"dependencies": {
				"lightningcss": "^1.32.0",
				"picomatch": "^4.0.4",
				"postcss": "^8.5.16",
				"rolldown": "~1.1.3",
				"tinyglobby": "^0.2.17"
			},
			"bin": {
				"vite": "bin/vite.js"
			},
			"engines": {
				"node": "^20.19.0 || >=22.12.0"
			},
			"funding": {
				"url": "https://github.com/vitejs/vite?sponsor=1"
			},
			"optionalDependencies": {
				"fsevents": "~2.3.3"
			},
			"peerDependencies": {
				"@types/node": "^20.19.0 || >=22.12.0",
				"@vitejs/devtools": "^0.3.0",
				"esbuild": "^0.27.0 || ^0.28.0",
				"jiti": ">=1.21.0",
				"less": "^4.0.0",
				"sass": "^1.70.0",
				"sass-embedded": "^1.70.0",
				"stylus": ">=0.54.8",
				"sugarss": "^5.0.0",
				"terser": "^5.16.0",
				"tsx": "^4.8.1",
				"yaml": "^2.4.2"
			},
			"peerDependenciesMeta": {
				"@types/node": {
					"optional": true
				},
				"@vitejs/devtools": {
					"optional": true
				},
				"esbuild": {
					"optional": true
				},
				"jiti": {
					"optional": true
				},
				"less": {
					"optional": true
				},
				"sass": {
					"optional": true
				},
				"sass-embedded": {
					"optional": true
				},
				"stylus": {
					"optional": true
				},
				"sugarss": {
					"optional": true
				},
				"terser": {
					"optional": true
				},
				"tsx": {
					"optional": true
				},
				"yaml": {
					"optional": true
				}
			}
		},
		"node_modules/vitefu": {
			"version": "1.1.3",
			"license": "MIT",
			"workspaces": [
				"tests/deps/*",
				"tests/projects/*",
				"tests/projects/workspace/packages/*"
			],
			"peerDependencies": {
				"vite": "^3.0.0 || ^4.0.0 || ^5.0.0 || ^6.0.0 || ^7.0.0 || ^8.0.0"
			},
			"peerDependenciesMeta": {
				"vite": {
					"optional": true
				}
			}
		},
		"node_modules/vitest": {
			"version": "4.1.9",
			"dev": true,
			"license": "MIT",
			"dependencies": {
				"@vitest/expect": "4.1.9",
				"@vitest/mocker": "4.1.9",
				"@vitest/pretty-format": "4.1.9",
				"@vitest/runner": "4.1.9",
				"@vitest/snapshot": "4.1.9",
				"@vitest/spy": "4.1.9",
				"@vitest/utils": "4.1.9",
				"es-module-lexer": "^2.0.0",
				"expect-type": "^1.3.0",
				"magic-string": "^0.30.21",
				"obug": "^2.1.1",
				"pathe": "^2.0.3",
				"picomatch": "^4.0.3",
				"std-env": "^4.0.0-rc.1",
				"tinybench": "^2.9.0",
				"tinyexec": "^1.0.2",
				"tinyglobby": "^0.2.15",
				"tinyrainbow": "^3.1.0",
				"vite": "^6.0.0 || ^7.0.0 || ^8.0.0",
				"why-is-node-running": "^2.3.0"
			},
			"bin": {
				"vitest": "vitest.mjs"
			},
			"engines": {
				"node": "^20.0.0 || ^22.0.0 || >=24.0.0"
			},
			"funding": {
				"url": "https://opencollective.com/vitest"
			},
			"peerDependencies": {
				"@edge-runtime/vm": "*",
				"@opentelemetry/api": "^1.9.0",
				"@types/node": "^20.0.0 || ^22.0.0 || >=24.0.0",
				"@vitest/browser-playwright": "4.1.9",
				"@vitest/browser-preview": "4.1.9",
				"@vitest/browser-webdriverio": "4.1.9",
				"@vitest/coverage-istanbul": "4.1.9",
				"@vitest/coverage-v8": "4.1.9",
				"@vitest/ui": "4.1.9",
				"happy-dom": "*",
				"jsdom": "*",
				"vite": "^6.0.0 || ^7.0.0 || ^8.0.0"
			},
			"peerDependenciesMeta": {
				"@edge-runtime/vm": {
					"optional": true
				},
				"@opentelemetry/api": {
					"optional": true
				},
				"@types/node": {
					"optional": true
				},
				"@vitest/browser-playwright": {
					"optional": true
				},
				"@vitest/browser-preview": {
					"optional": true
				},
				"@vitest/browser-webdriverio": {
					"optional": true
				},
				"@vitest/coverage-istanbul": {
					"optional": true
				},
				"@vitest/coverage-v8": {
					"optional": true
				},
				"@vitest/ui": {
					"optional": true
				},
				"happy-dom": {
					"optional": true
				},
				"jsdom": {
					"optional": true
				},
				"vite": {
					"optional": false
				}
			}
		},
		"node_modules/why-is-node-running": {
			"version": "2.3.0",
			"dev": true,
			"license": "MIT",
			"dependencies": {
				"siginfo": "^2.0.0",
				"stackback": "0.0.2"
			},
			"bin": {
				"why-is-node-running": "cli.js"
			},
			"engines": {
				"node": ">=8"
			}
		},
		"node_modules/zimmerframe": {
			"version": "1.1.4",
			"license": "MIT"
		}
	}
}
